
Microsoft Visual Studio Solution File, Format Version 12.00
# Visual Studio 15
VisualStudioVersion = 15.0.27130.2036
MinimumVisualStudioVersion = 10.0.40219.1
Project("{FAE04EC0-301F-11D3-BF4B-00C04F79EFBC}") = "VoylokTrade", "VoylokTrade\VoylokTrade.csproj", "{F4036617-E266-4112-98A1-52D854ACAFF2}"
EndProject
Global
	GlobalSection(SolutionConfigurationPlatforms) = preSolution
		Debug|Any CPU = Debug|Any CPU
		Release|Any CPU = Release|Any CPU
	EndGlobalSection
	GlobalSection(ProjectConfigurationPlatforms) = postSolution
		{F4036617-E266-4112-98A1-52D854ACAFF2}.Debug|Any CPU.ActiveCfg = Debug|Any CPU
		{F4036617-E266-4112-98A1-52D854ACAFF2}.Debug|Any CPU.Build.0 = Debug|Any CPU
		{F4036617-E266-4112-98A1-52D854ACAFF2}.Release|Any CPU.ActiveCfg = Release|Any CPU
		{F4036617-E266-4112-98A1-52D854ACAFF2}.Release|Any CPU.Build.0 = Release|Any CPU
	EndGlobalSection
	GlobalSection(SolutionProperties) = preSolution
		HideSolutionNode = FALSE
	EndGlobalSection
	GlobalSection(ExtensibilityGlobals) = postSolution
		SolutionGuid = {F8DCA877-9ED2-4571-BFBB-96B709D9C6D3}
	EndGlobalSection
EndGlobal
